
Microsoft Visual Studio Solution File, Format Version 12.00
# Visual Studio Version 16
VisualStudioVersion = 16.0.28803.202
MinimumVisualStudioVersion = 10.0.40219.1
Project("{FAE04EC0-301F-11D3-BF4B-00C04F79EFBC}") = "addressbook_test_autoit", "addressbook_test_autoit\addressbook_test_autoit.csproj", "{0ABE5196-8539-4CD8-8614-CB64377FA747}"
EndProject
Global
	GlobalSection(SolutionConfigurationPlatforms) = preSolution
		Debug|Any CPU = Debug|Any CPU
		Release|Any CPU = Release|Any CPU
	EndGlobalSection
	GlobalSection(ProjectConfigurationPlatforms) = postSolution
		{0ABE5196-8539-4CD8-8614-CB64377FA747}.Debug|Any CPU.ActiveCfg = Debug|Any CPU
		{0ABE5196-8539-4CD8-8614-CB64377FA747}.Debug|Any CPU.Build.0 = Debug|Any CPU
		{0ABE5196-8539-4CD8-8614-CB64377FA747}.Release|Any CPU.ActiveCfg = Release|Any CPU
		{0ABE5196-8539-4CD8-8614-CB64377FA747}.Release|Any CPU.Build.0 = Release|Any CPU
	EndGlobalSection
	GlobalSection(SolutionProperties) = preSolution
		HideSolutionNode = FALSE
	EndGlobalSection
	GlobalSection(ExtensibilityGlobals) = postSolution
		SolutionGuid = {16A68634-C1E3-4654-B679-EBD69135B8D4}
	EndGlobalSection
EndGlobal
